{
    "hash": "39fa5f7055f0dc240d33f0e653fcee8b",
    "packages": [
        {
            "name": "kriswallsmith/buzz",
            "version": "dev-travis",
            "source": {
                "type": "git",
                "url": "http://github.com/kriswallsmith/Buzz.git",
                "reference": "d6f6851ce8da88453dca5a0d4210118c9b2197a1"
            },
            "dist": {
                "type": "zip",
                "url": "https://github.com/kriswallsmith/Buzz/archive/d6f6851ce8da88453dca5a0d4210118c9b2197a1.zip",
                "reference": "d6f6851ce8da88453dca5a0d4210118c9b2197a1",
                "shasum": ""
            },
            "require": {
                "php": ">=5.3.0"
            },
            "require-dev": {
                "phpunit/phpunit": "3.7.*"
            },
            "suggest": {
                "ext-curl": "*"
            },
            "time": "2013-01-16 04:36:44",
            "type": "library",
            "autoload": {
                "psr-0": {
                    "Buzz": "lib/"
                }
            },
            "notification-url": "https://packagist.org/downloads/",
            "license": [
                "MIT"
            ],
            "authors": [
                {
                    "name": "Kris Wallsmith",
                    "email": "kris.wallsmith@gmail.com",
                    "homepage": "http://kriswallsmith.net/"
                }
            ],
            "description": "Lightweight HTTP client",
            "homepage": "https://github.com/kriswallsmith/Buzz",
            "keywords": [
                "curl",
                "http client"
            ]
        },
        {
            "name": "pimple/pimple",
            "version": "dev-master",
            "source": {
                "type": "git",
                "url": "git://github.com/fabpot/Pimple.git",
                "reference": "d58cec632dfdd3305d6b4f2563a5cf2a75b4d978"
            },
            "dist": {
                "type": "zip",
                "url": "https://github.com/fabpot/Pimple/archive/d58cec632dfdd3305d6b4f2563a5cf2a75b4d978.zip",
                "reference": "d58cec632dfdd3305d6b4f2563a5cf2a75b4d978",
                "shasum": ""
            },
            "require": {
                "php": ">=5.3.0"
            },
            "time": "2013-01-07 10:39:26",
            "type": "library",
            "extra": {
                "branch-alias": {
                    "dev-master": "1.0.x-dev"
                }
            },
            "autoload": {
                "psr-0": {
                    "Pimple": "lib/"
                }
            },
            "notification-url": "https://packagist.org/downloads/",
            "license": [
                "MIT"
            ],
            "authors": [
                {
                    "name": "Fabien Potencier",
                    "email": "fabien@symfony.com"
                }
            ],
            "description": "Pimple is a simple Dependency Injection Container for PHP 5.3",
            "homepage": "http://pimple.sensiolabs.org",
            "keywords": [
                "dependency injection",
                "container"
            ]
        },
        {
            "name": "psr/log",
            "version": "1.0.0",
            "source": {
                "type": "git",
                "url": "https://github.com/php-fig/log",
                "reference": "1.0.0"
            },
            "dist": {
                "type": "zip",
                "url": "https://github.com/php-fig/log/archive/1.0.0.zip",
                "reference": "1.0.0",
                "shasum": ""
            },
            "time": "2012-12-21 11:40:51",
            "type": "library",
            "autoload": {
                "psr-0": {
                    "Psr\\Log\\": ""
                }
            },
            "notification-url": "https://packagist.org/downloads/",
            "license": [
                "MIT"
            ],
            "authors": [
                {
                    "name": "PHP-FIG",
                    "homepage": "http://www.php-fig.org/"
                }
            ],
            "description": "Common interface for logging libraries",
            "keywords": [
                "log",
                "psr",
                "psr-3"
            ]
        },
        {
            "name": "sailthru/sailthru-php5-client",
            "version": "dev-master",
            "source": {
                "type": "git",
                "url": "https://github.com/sailthru/sailthru-php5-client",
                "reference": "41ac8d1c6d33d29d8218849d74a0868bda40b95a"
            },
            "dist": {
                "type": "zip",
                "url": "https://github.com/sailthru/sailthru-php5-client/archive/41ac8d1c6d33d29d8218849d74a0868bda40b95a.zip",
                "reference": "41ac8d1c6d33d29d8218849d74a0868bda40b95a",
                "shasum": ""
            },
            "time": "2013-01-29 16:29:13",
            "type": "library",
            "autoload": {
                "classmap": [
                    "sailthru/"
                ]
            },
            "notification-url": "https://packagist.org/downloads/",
            "license": [
                "MIT"
            ],
            "description": "Sailthru PHP5 Client",
            "homepage": "http://github.com/sailthru/sailthru-php5-client"
        },
        {
            "name": "silex/silex",
            "version": "dev-master",
            "source": {
                "type": "git",
                "url": "git://github.com/fabpot/Silex.git",
                "reference": "a23c221e609a17dfc2923066e1680149b7678cf9"
            },
            "dist": {
                "type": "zip",
                "url": "https://api.github.com/repos/fabpot/Silex/zipball/a23c221e609a17dfc2923066e1680149b7678cf9",
                "reference": "a23c221e609a17dfc2923066e1680149b7678cf9",
                "shasum": ""
            },
            "require": {
                "php": ">=5.3.3",
                "pimple/pimple": "1.*",
                "symfony/event-dispatcher": ">=2.1,<2.3-dev",
                "symfony/http-foundation": ">=2.1,<2.3-dev",
                "symfony/http-kernel": ">=2.1,<2.3-dev",
                "symfony/routing": ">=2.1,<2.3-dev"
            },
            "require-dev": {
                "twig/twig": ">=1.8.0,<2.0-dev",
                "swiftmailer/swiftmailer": "4.2.*",
                "doctrine/dbal": ">=2.2.0,<2.4.0-dev",
                "symfony/security": ">=2.1,<2.3-dev",
                "symfony/config": ">=2.1,<2.3-dev",
                "symfony/locale": ">=2.1,<2.3-dev",
                "symfony/form": ">=2.1,<2.3-dev",
                "symfony/browser-kit": ">=2.1,<2.3-dev",
                "symfony/css-selector": ">=2.1,<2.3-dev",
                "symfony/finder": ">=2.1,<2.3-dev",
                "symfony/monolog-bridge": ">=2.1,<2.3-dev",
                "symfony/process": ">=2.1,<2.3-dev",
                "symfony/translation": ">=2.1,<2.3-dev",
                "symfony/twig-bridge": ">=2.1,<2.3-dev",
                "symfony/validator": ">=2.1,<2.3-dev",
                "symfony/serializer": ">=2.1,<2.3-dev",
                "symfony/dom-crawler": ">=2.1,<2.3-dev",
                "symfony/options-resolver": ">=2.1,<2.3-dev"
            },
            "suggest": {
                "symfony/browser-kit": ">=2.1,<2.3-dev",
                "symfony/css-selector": ">=2.1,<2.3-dev",
                "symfony/dom-crawler": ">=2.1,<2.3-dev"
            },
            "time": "2013-01-25 06:59:19",
            "type": "library",
            "extra": {
                "branch-alias": {
                    "dev-master": "1.0.x-dev"
                }
            },
            "autoload": {
                "psr-0": {
                    "Silex": "src/"
                }
            },
            "notification-url": "https://packagist.org/downloads/",
            "license": [
                "MIT"
            ],
            "authors": [
                {
                    "name": "Fabien Potencier",
                    "email": "fabien@symfony.com"
                },
                {
                    "name": "Igor Wiedler",
                    "email": "igor@wiedler.ch",
                    "homepage": "http://wiedler.ch/igor/"
                }
            ],
            "description": "The PHP micro-framework based on the Symfony2 Components",
            "homepage": "http://silex.sensiolabs.org",
            "keywords": [
                "microframework"
            ]
        },
        {
            "name": "symfony/class-loader",
            "version": "dev-master",
            "target-dir": "Symfony/Component/ClassLoader",
            "source": {
                "type": "git",
                "url": "https://github.com/symfony/ClassLoader",
                "reference": "50b9d9501e6ae4056ab62e7b4654a416d37f95ba"
            },
            "dist": {
                "type": "zip",
                "url": "https://api.github.com/repos/symfony/ClassLoader/zipball/50b9d9501e6ae4056ab62e7b4654a416d37f95ba",
                "reference": "50b9d9501e6ae4056ab62e7b4654a416d37f95ba",
                "shasum": ""
            },
            "require": {
                "php": ">=5.3.3"
            },
            "require-dev": {
                "symfony/finder": "2.2.*"
            },
            "time": "2013-01-31 21:39:01",
            "type": "library",
            "extra": {
                "branch-alias": {
                    "dev-master": "2.3-dev"
                }
            },
            "autoload": {
                "psr-0": {
                    "Symfony\\Component\\ClassLoader\\": ""
                }
            },
            "notification-url": "https://packagist.org/downloads/",
            "license": [
                "MIT"
            ],
            "authors": [
                {
                    "name": "Fabien Potencier",
                    "email": "fabien@symfony.com"
                },
                {
                    "name": "Symfony Community",
                    "homepage": "http://symfony.com/contributors"
                }
            ],
            "description": "Symfony ClassLoader Component",
            "homepage": "http://symfony.com"
        },
        {
            "name": "symfony/config",
            "version": "dev-master",
            "target-dir": "Symfony/Component/Config",
            "source": {
                "type": "git",
                "url": "https://github.com/symfony/Config",
                "reference": "fb7ce57ccb3c418c264a28754f88e0a229b5022b"
            },
            "dist": {
                "type": "zip",
                "url": "https://api.github.com/repos/symfony/Config/zipball/fb7ce57ccb3c418c264a28754f88e0a229b5022b",
                "reference": "fb7ce57ccb3c418c264a28754f88e0a229b5022b",
                "shasum": ""
            },
            "require": {
                "php": ">=5.3.3"
            },
            "time": "2013-01-31 21:39:01",
            "type": "library",
            "extra": {
                "branch-alias": {
                    "dev-master": "2.3-dev"
                }
            },
            "autoload": {
                "psr-0": {
                    "Symfony\\Component\\Config\\": ""
                }
            },
            "notification-url": "https://packagist.org/downloads/",
            "license": [
                "MIT"
            ],
            "authors": [
                {
                    "name": "Fabien Potencier",
                    "email": "fabien@symfony.com"
                },
                {
                    "name": "Symfony Community",
                    "homepage": "http://symfony.com/contributors"
                }
            ],
            "description": "Symfony Config Component",
            "homepage": "http://symfony.com"
        },
        {
            "name": "symfony/console",
            "version": "dev-master",
            "target-dir": "Symfony/Component/Console",
            "source": {
                "type": "git",
                "url": "https://github.com/symfony/Console",
                "reference": "f65e34d058f0990a724f78e8d091dc0a20e439ac"
            },
            "dist": {
                "type": "zip",
                "url": "https://api.github.com/repos/symfony/Console/zipball/f65e34d058f0990a724f78e8d091dc0a20e439ac",
                "reference": "f65e34d058f0990a724f78e8d091dc0a20e439ac",
                "shasum": ""
            },
            "require": {
                "php": ">=5.3.3"
            },
            "time": "2013-01-31 21:39:01",
            "type": "library",
            "extra": {
                "branch-alias": {
                    "dev-master": "2.3-dev"
                }
            },
            "autoload": {
                "psr-0": {
                    "Symfony\\Component\\Console\\": ""
                }
            },
            "notification-url": "https://packagist.org/downloads/",
            "license": [
                "MIT"
            ],
            "authors": [
                {
                    "name": "Fabien Potencier",
                    "email": "fabien@symfony.com"
                },
                {
                    "name": "Symfony Community",
                    "homepage": "http://symfony.com/contributors"
                }
            ],
            "description": "Symfony Console Component",
            "homepage": "http://symfony.com"
        },
        {
            "name": "symfony/event-dispatcher",
            "version": "2.2.x-dev",
            "target-dir": "Symfony/Component/EventDispatcher",
            "source": {
                "type": "git",
                "url": "https://github.com/symfony/EventDispatcher",
                "reference": "v2.2.0-BETA2"
            },
            "dist": {
                "type": "zip",
                "url": "https://api.github.com/repos/symfony/EventDispatcher/zipball/v2.2.0-BETA2",
                "reference": "v2.2.0-BETA2",
                "shasum": ""
            },
            "require": {
                "php": ">=5.3.3"
            },
            "require-dev": {
                "symfony/dependency-injection": "2.2.*"
            },
            "suggest": {
                "symfony/dependency-injection": "2.2.*",
                "symfony/http-kernel": "2.2.*"
            },
            "time": "2013-01-17 15:25:59",
            "type": "library",
            "extra": {
                "branch-alias": {
                    "dev-master": "2.2-dev"
                }
            },
            "autoload": {
                "psr-0": {
                    "Symfony\\Component\\EventDispatcher\\": ""
                }
            },
            "notification-url": "https://packagist.org/downloads/",
            "license": [
                "MIT"
            ],
            "authors": [
                {
                    "name": "Fabien Potencier",
                    "email": "fabien@symfony.com"
                },
                {
                    "name": "Symfony Community",
                    "homepage": "http://symfony.com/contributors"
                }
            ],
            "description": "Symfony EventDispatcher Component",
            "homepage": "http://symfony.com"
        },
        {
            "name": "symfony/http-foundation",
            "version": "2.2.x-dev",
            "target-dir": "Symfony/Component/HttpFoundation",
            "source": {
                "type": "git",
                "url": "https://github.com/symfony/HttpFoundation",
                "reference": "v2.2.0-BETA2"
            },
            "dist": {
                "type": "zip",
                "url": "https://api.github.com/repos/symfony/HttpFoundation/zipball/v2.2.0-BETA2",
                "reference": "v2.2.0-BETA2",
                "shasum": ""
            },
            "require": {
                "php": ">=5.3.3"
            },
            "time": "2013-01-21 16:56:55",
            "type": "library",
            "extra": {
                "branch-alias": {
                    "dev-master": "2.2-dev"
                }
            },
            "autoload": {
                "psr-0": {
                    "Symfony\\Component\\HttpFoundation\\": ""
                },
                "classmap": [
                    "Symfony/Component/HttpFoundation/Resources/stubs"
                ]
            },
            "notification-url": "https://packagist.org/downloads/",
            "license": [
                "MIT"
            ],
            "authors": [
                {
                    "name": "Fabien Potencier",
                    "email": "fabien@symfony.com"
                },
                {
                    "name": "Symfony Community",
                    "homepage": "http://symfony.com/contributors"
                }
            ],
            "description": "Symfony HttpFoundation Component",
            "homepage": "http://symfony.com"
        },
        {
            "name": "symfony/http-kernel",
            "version": "2.2.x-dev",
            "target-dir": "Symfony/Component/HttpKernel",
            "source": {
                "type": "git",
                "url": "https://github.com/symfony/HttpKernel",
                "reference": "9ce3d974b90cdb7872971411280910f7e923c484"
            },
            "dist": {
                "type": "zip",
                "url": "https://api.github.com/repos/symfony/HttpKernel/zipball/9ce3d974b90cdb7872971411280910f7e923c484",
                "reference": "9ce3d974b90cdb7872971411280910f7e923c484",
                "shasum": ""
            },
            "require": {
                "php": ">=5.3.3",
                "symfony/event-dispatcher": "2.2.*",
                "symfony/http-foundation": "2.2.*",
                "psr/log": ">=1.0,<2.0"
            },
            "require-dev": {
                "symfony/browser-kit": "2.2.*",
                "symfony/class-loader": "2.2.*",
                "symfony/config": "2.2.*",
                "symfony/console": "2.2.*",
                "symfony/dependency-injection": "2.2.*",
                "symfony/finder": "2.2.*",
                "symfony/process": "2.2.*",
                "symfony/routing": "2.2.*",
                "symfony/stopwatch": "2.2.*"
            },
            "suggest": {
                "symfony/browser-kit": "2.2.*",
                "symfony/class-loader": "2.2.*",
                "symfony/config": "2.2.*",
                "symfony/console": "2.2.*",
                "symfony/dependency-injection": "2.2.*",
                "symfony/finder": "2.2.*"
            },
            "time": "2013-02-01 14:17:20",
            "type": "library",
            "extra": {
                "branch-alias": {
                    "dev-master": "2.2-dev"
                }
            },
            "autoload": {
                "psr-0": {
                    "Symfony\\Component\\HttpKernel\\": ""
                }
            },
            "notification-url": "https://packagist.org/downloads/",
            "license": [
                "MIT"
            ],
            "authors": [
                {
                    "name": "Fabien Potencier",
                    "email": "fabien@symfony.com"
                },
                {
                    "name": "Symfony Community",
                    "homepage": "http://symfony.com/contributors"
                }
            ],
            "description": "Symfony HttpKernel Component",
            "homepage": "http://symfony.com"
        },
        {
            "name": "symfony/routing",
            "version": "2.2.x-dev",
            "target-dir": "Symfony/Component/Routing",
            "source": {
                "type": "git",
                "url": "https://github.com/symfony/Routing",
                "reference": "07e32c89097f49dbab266f40ae418d4613ff62cc"
            },
            "dist": {
                "type": "zip",
                "url": "https://api.github.com/repos/symfony/Routing/zipball/07e32c89097f49dbab266f40ae418d4613ff62cc",
                "reference": "07e32c89097f49dbab266f40ae418d4613ff62cc",
                "shasum": ""
            },
            "require": {
                "php": ">=5.3.3"
            },
            "require-dev": {
                "symfony/config": "2.2.*",
                "symfony/yaml": "2.2.*",
                "symfony/http-kernel": "2.2.*",
                "psr/log": ">=1.0,<2.0",
                "doctrine/common": ">=2.2,<3.0"
            },
            "suggest": {
                "symfony/config": "2.2.*",
                "symfony/yaml": "2.2.*",
                "doctrine/common": "~2.2"
            },
            "time": "2013-02-01 09:33:53",
            "type": "library",
            "extra": {
                "branch-alias": {
                    "dev-master": "2.2-dev"
                }
            },
            "autoload": {
                "psr-0": {
                    "Symfony\\Component\\Routing\\": ""
                }
            },
            "notification-url": "https://packagist.org/downloads/",
            "license": [
                "MIT"
            ],
            "authors": [
                {
                    "name": "Fabien Potencier",
                    "email": "fabien@symfony.com"
                },
                {
                    "name": "Symfony Community",
                    "homepage": "http://symfony.com/contributors"
                }
            ],
            "description": "Symfony Routing Component",
            "homepage": "http://symfony.com"
        },
        {
            "name": "symfony/yaml",
            "version": "dev-master",
            "target-dir": "Symfony/Component/Yaml",
            "source": {
                "type": "git",
                "url": "https://github.com/symfony/Yaml",
                "reference": "f198ac28048eeceae852419c076123aaee59cd1c"
            },
            "dist": {
                "type": "zip",
                "url": "https://api.github.com/repos/symfony/Yaml/zipball/f198ac28048eeceae852419c076123aaee59cd1c",
                "reference": "f198ac28048eeceae852419c076123aaee59cd1c",
                "shasum": ""
            },
            "require": {
                "php": ">=5.3.3"
            },
            "time": "2013-01-31 21:39:01",
            "type": "library",
            "extra": {
                "branch-alias": {
                    "dev-master": "2.3-dev"
                }
            },
            "autoload": {
                "psr-0": {
                    "Symfony\\Component\\Yaml\\": ""
                }
            },
            "notification-url": "https://packagist.org/downloads/",
            "license": [
                "MIT"
            ],
            "authors": [
                {
                    "name": "Fabien Potencier",
                    "email": "fabien@symfony.com"
                },
                {
                    "name": "Symfony Community",
                    "homepage": "http://symfony.com/contributors"
                }
            ],
            "description": "Symfony Yaml Component",
            "homepage": "http://symfony.com"
        }
    ],
    "packages-dev": null,
    "aliases": [

    ],
    "minimum-stability": "dev",
    "stability-flags": {
        "silex/silex": 20,
        "sailthru/sailthru-php5-client": 20,
        "kriswallsmith/buzz": 20
    }
}
